
Microsoft Visual Studio Solution File, Format Version 12.00
# Visual Studio Express 14 for Web
VisualStudioVersion = 14.0.25420.1
MinimumVisualStudioVersion = 10.0.40219.1
Project("{2150E333-8FDC-42A3-9474-1A3956D46DE8}") = "src", "src", "{7270878D-C345-447C-8A15-0826937D4573}"
EndProject
Project("{2150E333-8FDC-42A3-9474-1A3956D46DE8}") = "Solution Items", "Solution Items", "{E2897BFB-3DBC-4027-B9C2-AAEE0CDFBB65}"
	ProjectSection(SolutionItems) = preProject
		global.json = global.json
	EndProjectSection
EndProject
Project("{8BB2217D-0F2D-49D1-97BC-3654ED321F3B}") = "DynamicReports", "src\DynamicReports\DynamicReports.xproj", "{DC317175-E878-4D65-BBA5-9A5313FD6CCC}"
EndProject
Global
	GlobalSection(SolutionConfigurationPlatforms) = preSolution
		Debug|Any CPU = Debug|Any CPU
		Release|Any CPU = Release|Any CPU
	EndGlobalSection
	GlobalSection(ProjectConfigurationPlatforms) = postSolution
		{DC317175-E878-4D65-BBA5-9A5313FD6CCC}.Debug|Any CPU.ActiveCfg = Debug|Any CPU
		{DC317175-E878-4D65-BBA5-9A5313FD6CCC}.Debug|Any CPU.Build.0 = Debug|Any CPU
		{DC317175-E878-4D65-BBA5-9A5313FD6CCC}.Release|Any CPU.ActiveCfg = Release|Any CPU
		{DC317175-E878-4D65-BBA5-9A5313FD6CCC}.Release|Any CPU.Build.0 = Release|Any CPU
	EndGlobalSection
	GlobalSection(SolutionProperties) = preSolution
		HideSolutionNode = FALSE
	EndGlobalSection
	GlobalSection(NestedProjects) = preSolution
		{DC317175-E878-4D65-BBA5-9A5313FD6CCC} = {7270878D-C345-447C-8A15-0826937D4573}
	EndGlobalSection
EndGlobal
